
Microsoft Visual Studio Solution File, Format Version 12.00
# Visual Studio 14
VisualStudioVersion = 14.0.23107.0
MinimumVisualStudioVersion = 10.0.40219.1
Project("{8BC9CEB8-8B4A-11D0-8D11-00A0C91BC942}") = "AppKit", "AppKit\AppKit.vcxproj", "{C8AA84BE-114B-4DAB-AF2A-A92DFB553108}"
EndProject
Project("{8BC9CEB8-8B4A-11D0-8D11-00A0C91BC942}") = "Demo", "Demo\Demo.vcxproj", "{7355BB7A-AF7D-4C6D-A409-433CF6153C20}"
EndProject
Global
	GlobalSection(SolutionConfigurationPlatforms) = preSolution
		Debug|Win32 = Debug|Win32
		Release|Win32 = Release|Win32
	EndGlobalSection
	GlobalSection(ProjectConfigurationPlatforms) = postSolution
		{C8AA84BE-114B-4DAB-AF2A-A92DFB553108}.Debug|Win32.ActiveCfg = Debug|Win32
		{C8AA84BE-114B-4DAB-AF2A-A92DFB553108}.Debug|Win32.Build.0 = Debug|Win32
		{C8AA84BE-114B-4DAB-AF2A-A92DFB553108}.Release|Win32.ActiveCfg = Release|Win32
		{C8AA84BE-114B-4DAB-AF2A-A92DFB553108}.Release|Win32.Build.0 = Release|Win32
		{7355BB7A-AF7D-4C6D-A409-433CF6153C20}.Debug|Win32.ActiveCfg = Debug|Win32
		{7355BB7A-AF7D-4C6D-A409-433CF6153C20}.Debug|Win32.Build.0 = Debug|Win32
		{7355BB7A-AF7D-4C6D-A409-433CF6153C20}.Release|Win32.ActiveCfg = Release|Win32
		{7355BB7A-AF7D-4C6D-A409-433CF6153C20}.Release|Win32.Build.0 = Release|Win32
	EndGlobalSection
	GlobalSection(SolutionProperties) = preSolution
		HideSolutionNode = FALSE
	EndGlobalSection
EndGlobal
